// !$*UTF8*$!
{
	archiveVersion = 1;
	classes = {
	};
	objectVersion = 56;
	objects = {

/* Begin PBXBuildFile section */
		6B90BD3E2CA7E1BE00753B19 /* NotificationBubleView.swift in Sources */ = {isa = PBXBuildFile; fileRef = 6B90BD3D2CA7E1BE00753B19 /* NotificationBubleView.swift */; };
		6BA450C82CA7D86900CD4BAF /* reel_1.mp4 in Resources */ = {isa = PBXBuildFile; fileRef = 6BA450982CA7D86900CD4BAF /* reel_1.mp4 */; };
		6BA450C92CA7D86900CD4BAF /* SearchView.swift in Sources */ = {isa = PBXBuildFile; fileRef = 6BA4509A2CA7D86900CD4BAF /* SearchView.swift */; };
		6BA450CA2CA7D86900CD4BAF /* ProfileView.swift in Sources */ = {isa = PBXBuildFile; fileRef = 6BA4509B2CA7D86900CD4BAF /* ProfileView.swift */; };
		6BA450CB2CA7D86900CD4BAF /* HomeView.swift in Sources */ = {isa = PBXBuildFile; fileRef = 6BA4509C2CA7D86900CD4BAF /* HomeView.swift */; };
		6BA450CC2CA7D86900CD4BAF /* ActivityListView.swift in Sources */ = {isa = PBXBuildFile; fileRef = 6BA4509D2CA7D86900CD4BAF /* ActivityListView.swift */; };
		6BA450CD2CA7D86900CD4BAF /* StoryView.swift in Sources */ = {isa = PBXBuildFile; fileRef = 6BA4509E2CA7D86900CD4BAF /* StoryView.swift */; };
		6BA450CE2CA7D86900CD4BAF /* InstagramApp.swift in Sources */ = {isa = PBXBuildFile; fileRef = 6BA4509F2CA7D86900CD4BAF /* InstagramApp.swift */; };
		6BA450CF2CA7D86900CD4BAF /* Assets.xcassets in Resources */ = {isa = PBXBuildFile; fileRef = 6BA450A02CA7D86900CD4BAF /* Assets.xcassets */; };
		6BA450D02CA7D86900CD4BAF /* View+Extension.swift in Sources */ = {isa = PBXBuildFile; fileRef = 6BA450A22CA7D86900CD4BAF /* View+Extension.swift */; };
		6BA450D12CA7D86900CD4BAF /* Preview Assets.xcassets in Resources */ = {isa = PBXBuildFile; fileRef = 6BA450A42CA7D86900CD4BAF /* Preview Assets.xcassets */; };
		6BA450D22CA7D86900CD4BAF /* ActivityDataModel.swift in Sources */ = {isa = PBXBuildFile; fileRef = 6BA450A62CA7D86900CD4BAF /* ActivityDataModel.swift */; };
		6BA450D32CA7D86900CD4BAF /* PostDataModel.swift in Sources */ = {isa = PBXBuildFile; fileRef = 6BA450A72CA7D86900CD4BAF /* PostDataModel.swift */; };
		6BA450D42CA7D86900CD4BAF /* StoryDataModel.swift in Sources */ = {isa = PBXBuildFile; fileRef = 6BA450A82CA7D86900CD4BAF /* StoryDataModel.swift */; };
		6BA450D52CA7D86900CD4BAF /* UserDataModel.swift in Sources */ = {isa = PBXBuildFile; fileRef = 6BA450A92CA7D86900CD4BAF /* UserDataModel.swift */; };
		6BA450D62CA7D86900CD4BAF /* MediaView.swift in Sources */ = {isa = PBXBuildFile; fileRef = 6BA450AC2CA7D86900CD4BAF /* MediaView.swift */; };
		6BA450D72CA7D86900CD4BAF /* SponsoredView.swift in Sources */ = {isa = PBXBuildFile; fileRef = 6BA450AD2CA7D86900CD4BAF /* SponsoredView.swift */; };
		6BA450D82CA7D86900CD4BAF /* CaptionView.swift in Sources */ = {isa = PBXBuildFile; fileRef = 6BA450AE2CA7D86900CD4BAF /* CaptionView.swift */; };
		6BA450D92CA7D86900CD4BAF /* likeOrViewCountView.swift in Sources */ = {isa = PBXBuildFile; fileRef = 6BA450AF2CA7D86900CD4BAF /* likeOrViewCountView.swift */; };
		6BA450DA2CA7D86900CD4BAF /* HeaderView.swift in Sources */ = {isa = PBXBuildFile; fileRef = 6BA450B02CA7D86900CD4BAF /* HeaderView.swift */; };
		6BA450DB2CA7D86900CD4BAF /* TimestampView.swift in Sources */ = {isa = PBXBuildFile; fileRef = 6BA450B12CA7D86900CD4BAF /* TimestampView.swift */; };
		6BA450DC2CA7D86900CD4BAF /* PostView.swift in Sources */ = {isa = PBXBuildFile; fileRef = 6BA450B22CA7D86900CD4BAF /* PostView.swift */; };
		6BA450DD2CA7D86900CD4BAF /* InteractionView.swift in Sources */ = {isa = PBXBuildFile; fileRef = 6BA450B32CA7D86900CD4BAF /* InteractionView.swift */; };
		6BA450DE2CA7D86900CD4BAF /* SegmentedView.swift in Sources */ = {isa = PBXBuildFile; fileRef = 6BA450B42CA7D86900CD4BAF /* SegmentedView.swift */; };
		6BA450DF2CA7D86900CD4BAF /* PrefixView.swift in Sources */ = {isa = PBXBuildFile; fileRef = 6BA450B52CA7D86900CD4BAF /* PrefixView.swift */; };
		6BA450E02CA7D86900CD4BAF /* LikeButton.swift in Sources */ = {isa = PBXBuildFile; fileRef = 6BA450B62CA7D86900CD4BAF /* LikeButton.swift */; };
		6BA450E12CA7D86900CD4BAF /* StoryListView.swift in Sources */ = {isa = PBXBuildFile; fileRef = 6BA450B72CA7D86900CD4BAF /* StoryListView.swift */; };
		6BA450E22CA7D86900CD4BAF /* SuffixView.swift in Sources */ = {isa = PBXBuildFile; fileRef = 6BA450B82CA7D86900CD4BAF /* SuffixView.swift */; };
		6BA450E32CA7D86900CD4BAF /* StatsView.swift in Sources */ = {isa = PBXBuildFile; fileRef = 6BA450B92CA7D86900CD4BAF /* StatsView.swift */; };
		6BA450E42CA7D86900CD4BAF /* AvatarStoryActiveView.swift in Sources */ = {isa = PBXBuildFile; fileRef = 6BA450BB2CA7D86900CD4BAF /* AvatarStoryActiveView.swift */; };
		6BA450E52CA7D86900CD4BAF /* AvatarView.swift in Sources */ = {isa = PBXBuildFile; fileRef = 6BA450BC2CA7D86900CD4BAF /* AvatarView.swift */; };
		6BA450E62CA7D86900CD4BAF /* PlusIndicatorView.swift in Sources */ = {isa = PBXBuildFile; fileRef = 6BA450BD2CA7D86900CD4BAF /* PlusIndicatorView.swift */; };
		6BA450E72CA7D86900CD4BAF /* ActionButtonsView.swift in Sources */ = {isa = PBXBuildFile; fileRef = 6BA450BE2CA7D86900CD4BAF /* ActionButtonsView.swift */; };
		6BA450E82CA7D86900CD4BAF /* ActivityView.swift in Sources */ = {isa = PBXBuildFile; fileRef = 6BA450BF2CA7D86900CD4BAF /* ActivityView.swift */; };
		6BA450E92CA7D86900CD4BAF /* RoundedBackgroundView.swift in Sources */ = {isa = PBXBuildFile; fileRef = 6BA450C02CA7D86900CD4BAF /* RoundedBackgroundView.swift */; };
		6BA450EA2CA7D86900CD4BAF /* GridView.swift in Sources */ = {isa = PBXBuildFile; fileRef = 6BA450C12CA7D86900CD4BAF /* GridView.swift */; };
		6BA450EB2CA7D86900CD4BAF /* MockStoryDataModel.swift in Sources */ = {isa = PBXBuildFile; fileRef = 6BA450C32CA7D86900CD4BAF /* MockStoryDataModel.swift */; };
		6BA450EC2CA7D86900CD4BAF /* MockUserDataModel.swift in Sources */ = {isa = PBXBuildFile; fileRef = 6BA450C42CA7D86900CD4BAF /* MockUserDataModel.swift */; };
		6BA450ED2CA7D86900CD4BAF /* MockActivityDataModel.swift in Sources */ = {isa = PBXBuildFile; fileRef = 6BA450C52CA7D86900CD4BAF /* MockActivityDataModel.swift */; };
		6BA450EE2CA7D86900CD4BAF /* MockPostDataModel.swift in Sources */ = {isa = PBXBuildFile; fileRef = 6BA450C62CA7D86900CD4BAF /* MockPostDataModel.swift */; };
		6BA450EF2CA7D86900CD4BAF /* ContentView.swift in Sources */ = {isa = PBXBuildFile; fileRef = 6BA450C72CA7D86900CD4BAF /* ContentView.swift */; };
/* End PBXBuildFile section */

/* Begin PBXFileReference section */
		6B90BD3D2CA7E1BE00753B19 /* NotificationBubleView.swift */ = {isa = PBXFileReference; lastKnownFileType = sourcecode.swift; path = NotificationBubleView.swift; sourceTree = "<group>"; };
		6B9221522CA27B2C0040C6F1 /* Instagram.app */ = {isa = PBXFileReference; explicitFileType = wrapper.application; includeInIndex = 0; path = Instagram.app; sourceTree = BUILT_PRODUCTS_DIR; };
		6BA450982CA7D86900CD4BAF /* reel_1.mp4 */ = {isa = PBXFileReference; lastKnownFileType = file; path = reel_1.mp4; sourceTree = "<group>"; };
		6BA4509A2CA7D86900CD4BAF /* SearchView.swift */ = {isa = PBXFileReference; fileEncoding = 4; lastKnownFileType = sourcecode.swift; path = SearchView.swift; sourceTree = "<group>"; };
		6BA4509B2CA7D86900CD4BAF /* ProfileView.swift */ = {isa = PBXFileReference; fileEncoding = 4; lastKnownFileType = sourcecode.swift; path = ProfileView.swift; sourceTree = "<group>"; };
		6BA4509C2CA7D86900CD4BAF /* HomeView.swift */ = {isa = PBXFileReference; fileEncoding = 4; lastKnownFileType = sourcecode.swift; path = HomeView.swift; sourceTree = "<group>"; };
		6BA4509D2CA7D86900CD4BAF /* ActivityListView.swift */ = {isa = PBXFileReference; fileEncoding = 4; lastKnownFileType = sourcecode.swift; path = ActivityListView.swift; sourceTree = "<group>"; };
		6BA4509E2CA7D86900CD4BAF /* StoryView.swift */ = {isa = PBXFileReference; fileEncoding = 4; lastKnownFileType = sourcecode.swift; path = StoryView.swift; sourceTree = "<group>"; };
		6BA4509F2CA7D86900CD4BAF /* InstagramApp.swift */ = {isa = PBXFileReference; fileEncoding = 4; lastKnownFileType = sourcecode.swift; path = InstagramApp.swift; sourceTree = "<group>"; };
		6BA450A02CA7D86900CD4BAF /* Assets.xcassets */ = {isa = PBXFileReference; lastKnownFileType = folder.assetcatalog; path = Assets.xcassets; sourceTree = "<group>"; };
		6BA450A22CA7D86900CD4BAF /* View+Extension.swift */ = {isa = PBXFileReference; fileEncoding = 4; lastKnownFileType = sourcecode.swift; path = "View+Extension.swift"; sourceTree = "<group>"; };
		6BA450A42CA7D86900CD4BAF /* Preview Assets.xcassets */ = {isa = PBXFileReference; lastKnownFileType = folder.assetcatalog; path = "Preview Assets.xcassets"; sourceTree = "<group>"; };
		6BA450A62CA7D86900CD4BAF /* ActivityDataModel.swift */ = {isa = PBXFileReference; fileEncoding = 4; lastKnownFileType = sourcecode.swift; path = ActivityDataModel.swift; sourceTree = "<group>"; };
		6BA450A72CA7D86900CD4BAF /* PostDataModel.swift */ = {isa = PBXFileReference; fileEncoding = 4; lastKnownFileType = sourcecode.swift; path = PostDataModel.swift; sourceTree = "<group>"; };
		6BA450A82CA7D86900CD4BAF /* StoryDataModel.swift */ = {isa = PBXFileReference; fileEncoding = 4; lastKnownFileType = sourcecode.swift; path = StoryDataModel.swift; sourceTree = "<group>"; };
		6BA450A92CA7D86900CD4BAF /* UserDataModel.swift */ = {isa = PBXFileReference; fileEncoding = 4; lastKnownFileType = sourcecode.swift; path = UserDataModel.swift; sourceTree = "<group>"; };
		6BA450AC2CA7D86900CD4BAF /* MediaView.swift */ = {isa = PBXFileReference; fileEncoding = 4; lastKnownFileType = sourcecode.swift; path = MediaView.swift; sourceTree = "<group>"; };
		6BA450AD2CA7D86900CD4BAF /* SponsoredView.swift */ = {isa = PBXFileReference; fileEncoding = 4; lastKnownFileType = sourcecode.swift; path = SponsoredView.swift; sourceTree = "<group>"; };
		6BA450AE2CA7D86900CD4BAF /* CaptionView.swift */ = {isa = PBXFileReference; fileEncoding = 4; lastKnownFileType = sourcecode.swift; path = CaptionView.swift; sourceTree = "<group>"; };
		6BA450AF2CA7D86900CD4BAF /* likeOrViewCountView.swift */ = {isa = PBXFileReference; fileEncoding = 4; lastKnownFileType = sourcecode.swift; path = likeOrViewCountView.swift; sourceTree = "<group>"; };
		6BA450B02CA7D86900CD4BAF /* HeaderView.swift */ = {isa = PBXFileReference; fileEncoding = 4; lastKnownFileType = sourcecode.swift; path = HeaderView.swift; sourceTree = "<group>"; };
		6BA450B12CA7D86900CD4BAF /* TimestampView.swift */ = {isa = PBXFileReference; fileEncoding = 4; lastKnownFileType = sourcecode.swift; path = TimestampView.swift; sourceTree = "<group>"; };
		6BA450B22CA7D86900CD4BAF /* PostView.swift */ = {isa = PBXFileReference; fileEncoding = 4; lastKnownFileType = sourcecode.swift; path = PostView.swift; sourceTree = "<group>"; };
		6BA450B32CA7D86900CD4BAF /* InteractionView.swift */ = {isa = PBXFileReference; fileEncoding = 4; lastKnownFileType = sourcecode.swift; path = InteractionView.swift; sourceTree = "<group>"; };
		6BA450B42CA7D86900CD4BAF /* SegmentedView.swift */ = {isa = PBXFileReference; fileEncoding = 4; lastKnownFileType = sourcecode.swift; path = SegmentedView.swift; sourceTree = "<group>"; };
		6BA450B52CA7D86900CD4BAF /* PrefixView.swift */ = {isa = PBXFileReference; fileEncoding = 4; lastKnownFileType = sourcecode.swift; path = PrefixView.swift; sourceTree = "<group>"; };
		6BA450B62CA7D86900CD4BAF /* LikeButton.swift */ = {isa = PBXFileReference; fileEncoding = 4; lastKnownFileType = sourcecode.swift; path = LikeButton.swift; sourceTree = "<group>"; };
		6BA450B72CA7D86900CD4BAF /* StoryListView.swift */ = {isa = PBXFileReference; fileEncoding = 4; lastKnownFileType = sourcecode.swift; path = StoryListView.swift; sourceTree = "<group>"; };
		6BA450B82CA7D86900CD4BAF /* SuffixView.swift */ = {isa = PBXFileReference; fileEncoding = 4; lastKnownFileType = sourcecode.swift; path = SuffixView.swift; sourceTree = "<group>"; };
		6BA450B92CA7D86900CD4BAF /* StatsView.swift */ = {isa = PBXFileReference; fileEncoding = 4; lastKnownFileType = sourcecode.swift; path = StatsView.swift; sourceTree = "<group>"; };
		6BA450BB2CA7D86900CD4BAF /* AvatarStoryActiveView.swift */ = {isa = PBXFileReference; fileEncoding = 4; lastKnownFileType = sourcecode.swift; path = AvatarStoryActiveView.swift; sourceTree = "<group>"; };
		6BA450BC2CA7D86900CD4BAF /* AvatarView.swift */ = {isa = PBXFileReference; fileEncoding = 4; lastKnownFileType = sourcecode.swift; path = AvatarView.swift; sourceTree = "<group>"; };
		6BA450BD2CA7D86900CD4BAF /* PlusIndicatorView.swift */ = {isa = PBXFileReference; fileEncoding = 4; lastKnownFileType = sourcecode.swift; path = PlusIndicatorView.swift; sourceTree = "<group>"; };
		6BA450BE2CA7D86900CD4BAF /* ActionButtonsView.swift */ = {isa = PBXFileReference; fileEncoding = 4; lastKnownFileType = sourcecode.swift; path = ActionButtonsView.swift; sourceTree = "<group>"; };
		6BA450BF2CA7D86900CD4BAF /* ActivityView.swift */ = {isa = PBXFileReference; fileEncoding = 4; lastKnownFileType = sourcecode.swift; path = ActivityView.swift; sourceTree = "<group>"; };
		6BA450C02CA7D86900CD4BAF /* RoundedBackgroundView.swift */ = {isa = PBXFileReference; fileEncoding = 4; lastKnownFileType = sourcecode.swift; path = RoundedBackgroundView.swift; sourceTree = "<group>"; };
		6BA450C12CA7D86900CD4BAF /* GridView.swift */ = {isa = PBXFileReference; fileEncoding = 4; lastKnownFileType = sourcecode.swift; path = GridView.swift; sourceTree = "<group>"; };
		6BA450C32CA7D86900CD4BAF /* MockStoryDataModel.swift */ = {isa = PBXFileReference; fileEncoding = 4; lastKnownFileType = sourcecode.swift; path = MockStoryDataModel.swift; sourceTree = "<group>"; };
		6BA450C42CA7D86900CD4BAF /* MockUserDataModel.swift */ = {isa = PBXFileReference; fileEncoding = 4; lastKnownFileType = sourcecode.swift; path = MockUserDataModel.swift; sourceTree = "<group>"; };
		6BA450C52CA7D86900CD4BAF /* MockActivityDataModel.swift */ = {isa = PBXFileReference; fileEncoding = 4; lastKnownFileType = sourcecode.swift; path = MockActivityDataModel.swift; sourceTree = "<group>"; };
		6BA450C62CA7D86900CD4BAF /* MockPostDataModel.swift */ = {isa = PBXFileReference; fileEncoding = 4; lastKnownFileType = sourcecode.swift; path = MockPostDataModel.swift; sourceTree = "<group>"; };
		6BA450C72CA7D86900CD4BAF /* ContentView.swift */ = {isa = PBXFileReference; fileEncoding = 4; lastKnownFileType = sourcecode.swift; path = ContentView.swift; sourceTree = "<group>"; };
/* End PBXFileReference section */

/* Begin PBXFrameworksBuildPhase section */
		6B92214F2CA27B2C0040C6F1 /* Frameworks */ = {
			isa = PBXFrameworksBuildPhase;
			buildActionMask = 2147483647;
			files = (
			);
			runOnlyForDeploymentPostprocessing = 0;
		};
/* End PBXFrameworksBuildPhase section */

/* Begin PBXGroup section */
		6B9221492CA27B2C0040C6F1 = {
			isa = PBXGroup;
			children = (
				6BA450962CA7D86900CD4BAF /* Instagram */,
				6B9221532CA27B2C0040C6F1 /* Products */,
			);
			sourceTree = "<group>";
		};
		6B9221532CA27B2C0040C6F1 /* Products */ = {
			isa = PBXGroup;
			children = (
				6B9221522CA27B2C0040C6F1 /* Instagram.app */,
			);
			name = Products;
			sourceTree = "<group>";
		};
		6BA450962CA7D86900CD4BAF /* Instagram */ = {
			isa = PBXGroup;
			children = (
				6BA450972CA7D86900CD4BAF /* Video */,
				6BA450992CA7D86900CD4BAF /* App */,
				6BA4509F2CA7D86900CD4BAF /* InstagramApp.swift */,
				6BA450A02CA7D86900CD4BAF /* Assets.xcassets */,
				6BA450A12CA7D86900CD4BAF /* Utils */,
				6BA450A32CA7D86900CD4BAF /* Preview Content */,
				6BA450A52CA7D86900CD4BAF /* Model */,
				6BA450AA2CA7D86900CD4BAF /* View */,
				6BA450C22CA7D86900CD4BAF /* Data */,
				6BA450C72CA7D86900CD4BAF /* ContentView.swift */,
			);
			path = Instagram;
			sourceTree = "<group>";
		};
		6BA450972CA7D86900CD4BAF /* Video */ = {
			isa = PBXGroup;
			children = (
				6BA450982CA7D86900CD4BAF /* reel_1.mp4 */,
			);
			path = Video;
			sourceTree = "<group>";
		};
		6BA450992CA7D86900CD4BAF /* App */ = {
			isa = PBXGroup;
			children = (
				6BA4509A2CA7D86900CD4BAF /* SearchView.swift */,
				6BA4509B2CA7D86900CD4BAF /* ProfileView.swift */,
				6BA4509C2CA7D86900CD4BAF /* HomeView.swift */,
				6BA4509D2CA7D86900CD4BAF /* ActivityListView.swift */,
				6BA4509E2CA7D86900CD4BAF /* StoryView.swift */,
			);
			path = App;
			sourceTree = "<group>";
		};
		6BA450A12CA7D86900CD4BAF /* Utils */ = {
			isa = PBXGroup;
			children = (
				6BA450A22CA7D86900CD4BAF /* View+Extension.swift */,
			);
			path = Utils;
			sourceTree = "<group>";
		};
		6BA450A32CA7D86900CD4BAF /* Preview Content */ = {
			isa = PBXGroup;
			children = (
				6BA450A42CA7D86900CD4BAF /* Preview Assets.xcassets */,
			);
			path = "Preview Content";
			sourceTree = "<group>";
		};
		6BA450A52CA7D86900CD4BAF /* Model */ = {
			isa = PBXGroup;
			children = (
				6BA450A62CA7D86900CD4BAF /* ActivityDataModel.swift */,
				6BA450A72CA7D86900CD4BAF /* PostDataModel.swift */,
				6BA450A82CA7D86900CD4BAF /* StoryDataModel.swift */,
				6BA450A92CA7D86900CD4BAF /* UserDataModel.swift */,
			);
			path = Model;
			sourceTree = "<group>";
		};
		6BA450AA2CA7D86900CD4BAF /* View */ = {
			isa = PBXGroup;
			children = (
				6BA450AB2CA7D86900CD4BAF /* Post */,
				6BA450B42CA7D86900CD4BAF /* SegmentedView.swift */,
				6BA450B52CA7D86900CD4BAF /* PrefixView.swift */,
				6BA450B62CA7D86900CD4BAF /* LikeButton.swift */,
				6BA450B72CA7D86900CD4BAF /* StoryListView.swift */,
				6BA450B82CA7D86900CD4BAF /* SuffixView.swift */,
				6BA450B92CA7D86900CD4BAF /* StatsView.swift */,
				6BA450BA2CA7D86900CD4BAF /* Avatar */,
				6BA450BE2CA7D86900CD4BAF /* ActionButtonsView.swift */,
				6BA450BF2CA7D86900CD4BAF /* ActivityView.swift */,
				6BA450C02CA7D86900CD4BAF /* RoundedBackgroundView.swift */,
				6BA450C12CA7D86900CD4BAF /* GridView.swift */,
				6B90BD3D2CA7E1BE00753B19 /* NotificationBubleView.swift */,
			);
			path = View;
			sourceTree = "<group>";
		};
		6BA450AB2CA7D86900CD4BAF /* Post */ = {
			isa = PBXGroup;
			children = (
				6BA450AC2CA7D86900CD4BAF /* MediaView.swift */,
				6BA450AD2CA7D86900CD4BAF /* SponsoredView.swift */,
				6BA450AE2CA7D86900CD4BAF /* CaptionView.swift */,
				6BA450AF2CA7D86900CD4BAF /* likeOrViewCountView.swift */,
				6BA450B02CA7D86900CD4BAF /* HeaderView.swift */,
				6BA450B12CA7D86900CD4BAF /* TimestampView.swift */,
				6BA450B22CA7D86900CD4BAF /* PostView.swift */,
				6BA450B32CA7D86900CD4BAF /* InteractionView.swift */,
			);
			path = Post;
			sourceTree = "<group>";
		};
		6BA450BA2CA7D86900CD4BAF /* Avatar */ = {
			isa = PBXGroup;
			children = (
				6BA450BB2CA7D86900CD4BAF /* AvatarStoryActiveView.swift */,
				6BA450BC2CA7D86900CD4BAF /* AvatarView.swift */,
				6BA450BD2CA7D86900CD4BAF /* PlusIndicatorView.swift */,
			);
			path = Avatar;
			sourceTree = "<group>";
		};
		6BA450C22CA7D86900CD4BAF /* Data */ = {
			isa = PBXGroup;
			children = (
				6BA450C32CA7D86900CD4BAF /* MockStoryDataModel.swift */,
				6BA450C42CA7D86900CD4BAF /* MockUserDataModel.swift */,
				6BA450C52CA7D86900CD4BAF /* MockActivityDataModel.swift */,
				6BA450C62CA7D86900CD4BAF /* MockPostDataModel.swift */,
			);
			path = Data;
			sourceTree = "<group>";
		};
/* End PBXGroup section */

/* Begin PBXNativeTarget section */
		6B9221512CA27B2C0040C6F1 /* Instagram */ = {
			isa = PBXNativeTarget;
			buildConfigurationList = 6B9221602CA27B2E0040C6F1 /* Build configuration list for PBXNativeTarget "Instagram" */;
			buildPhases = (
				6B92214E2CA27B2C0040C6F1 /* Sources */,
				6B92214F2CA27B2C0040C6F1 /* Frameworks */,
				6B9221502CA27B2C0040C6F1 /* Resources */,
			);
			buildRules = (
			);
			dependencies = (
			);
			name = Instagram;
			productName = "Neu-Brutalism Instagram";
			productReference = 6B9221522CA27B2C0040C6F1 /* Instagram.app */;
			productType = "com.apple.product-type.application";
		};
/* End PBXNativeTarget section */

/* Begin PBXProject section */
		6B92214A2CA27B2C0040C6F1 /* Project object */ = {
			isa = PBXProject;
			attributes = {
				BuildIndependentTargetsInParallel = 1;
				LastSwiftUpdateCheck = 1520;
				LastUpgradeCheck = 1520;
				TargetAttributes = {
					6B9221512CA27B2C0040C6F1 = {
						CreatedOnToolsVersion = 15.2;
					};
				};
			};
			buildConfigurationList = 6B92214D2CA27B2C0040C6F1 /* Build configuration list for PBXProject "Instagram" */;
			compatibilityVersion = "Xcode 14.0";
			developmentRegion = en;
			hasScannedForEncodings = 0;
			knownRegions = (
				en,
				Base,
			);
			mainGroup = 6B9221492CA27B2C0040C6F1;
			productRefGroup = 6B9221532CA27B2C0040C6F1 /* Products */;
			projectDirPath = "";
			projectRoot = "";
			targets = (
				6B9221512CA27B2C0040C6F1 /* Instagram */,
			);
		};
/* End PBXProject section */

/* Begin PBXResourcesBuildPhase section */
		6B9221502CA27B2C0040C6F1 /* Resources */ = {
			isa = PBXResourcesBuildPhase;
			buildActionMask = 2147483647;
			files = (
				6BA450CF2CA7D86900CD4BAF /* Assets.xcassets in Resources */,
				6BA450D12CA7D86900CD4BAF /* Preview Assets.xcassets in Resources */,
				6BA450C82CA7D86900CD4BAF /* reel_1.mp4 in Resources */,
			);
			runOnlyForDeploymentPostprocessing = 0;
		};
/* End PBXResourcesBuildPhase section */

/* Begin PBXSourcesBuildPhase section */
		6B92214E2CA27B2C0040C6F1 /* Sources */ = {
			isa = PBXSourcesBuildPhase;
			buildActionMask = 2147483647;
			files = (
				6BA450E92CA7D86900CD4BAF /* RoundedBackgroundView.swift in Sources */,
				6BA450CD2CA7D86900CD4BAF /* StoryView.swift in Sources */,
				6BA450EC2CA7D86900CD4BAF /* MockUserDataModel.swift in Sources */,
				6BA450DE2CA7D86900CD4BAF /* SegmentedView.swift in Sources */,
				6BA450ED2CA7D86900CD4BAF /* MockActivityDataModel.swift in Sources */,
				6BA450CB2CA7D86900CD4BAF /* HomeView.swift in Sources */,
				6BA450E22CA7D86900CD4BAF /* SuffixView.swift in Sources */,
				6BA450D22CA7D86900CD4BAF /* ActivityDataModel.swift in Sources */,
				6BA450CE2CA7D86900CD4BAF /* InstagramApp.swift in Sources */,
				6BA450CC2CA7D86900CD4BAF /* ActivityListView.swift in Sources */,
				6BA450E52CA7D86900CD4BAF /* AvatarView.swift in Sources */,
				6BA450EF2CA7D86900CD4BAF /* ContentView.swift in Sources */,
				6B90BD3E2CA7E1BE00753B19 /* NotificationBubleView.swift in Sources */,
				6BA450D82CA7D86900CD4BAF /* CaptionView.swift in Sources */,
				6BA450EA2CA7D86900CD4BAF /* GridView.swift in Sources */,
				6BA450D62CA7D86900CD4BAF /* MediaView.swift in Sources */,
				6BA450D92CA7D86900CD4BAF /* likeOrViewCountView.swift in Sources */,
				6BA450CA2CA7D86900CD4BAF /* ProfileView.swift in Sources */,
				6BA450D02CA7D86900CD4BAF /* View+Extension.swift in Sources */,
				6BA450D32CA7D86900CD4BAF /* PostDataModel.swift in Sources */,
				6BA450C92CA7D86900CD4BAF /* SearchView.swift in Sources */,
				6BA450DD2CA7D86900CD4BAF /* InteractionView.swift in Sources */,
				6BA450E02CA7D86900CD4BAF /* LikeButton.swift in Sources */,
				6BA450E72CA7D86900CD4BAF /* ActionButtonsView.swift in Sources */,
				6BA450E32CA7D86900CD4BAF /* StatsView.swift in Sources */,
				6BA450D52CA7D86900CD4BAF /* UserDataModel.swift in Sources */,
				6BA450DB2CA7D86900CD4BAF /* TimestampView.swift in Sources */,
				6BA450E12CA7D86900CD4BAF /* StoryListView.swift in Sources */,
				6BA450EB2CA7D86900CD4BAF /* MockStoryDataModel.swift in Sources */,
				6BA450D72CA7D86900CD4BAF /* SponsoredView.swift in Sources */,
				6BA450E82CA7D86900CD4BAF /* ActivityView.swift in Sources */,
				6BA450D42CA7D86900CD4BAF /* StoryDataModel.swift in Sources */,
				6BA450DC2CA7D86900CD4BAF /* PostView.swift in Sources */,
				6BA450DA2CA7D86900CD4BAF /* HeaderView.swift in Sources */,
				6BA450DF2CA7D86900CD4BAF /* PrefixView.swift in Sources */,
				6BA450EE2CA7D86900CD4BAF /* MockPostDataModel.swift in Sources */,
				6BA450E62CA7D86900CD4BAF /* PlusIndicatorView.swift in Sources */,
				6BA450E42CA7D86900CD4BAF /* AvatarStoryActiveView.swift in Sources */,
			);
			runOnlyForDeploymentPostprocessing = 0;
		};
/* End PBXSourcesBuildPhase section */

/* Begin XCBuildConfiguration section */
		6B92215E2CA27B2E0040C6F1 /* Debug */ = {
			isa = XCBuildConfiguration;
			buildSettings = {
				ALWAYS_SEARCH_USER_PATHS = NO;
				ASSETCATALOG_COMPILER_GENERATE_SWIFT_ASSET_SYMBOL_EXTENSIONS = YES;
				CLANG_ANALYZER_NONNULL = YES;
				CLANG_ANALYZER_NUMBER_OBJECT_CONVERSION = YES_AGGRESSIVE;
				CLANG_CXX_LANGUAGE_STANDARD = "gnu++20";
				CLANG_ENABLE_MODULES = YES;
				CLANG_ENABLE_OBJC_ARC = YES;
				CLANG_ENABLE_OBJC_WEAK = YES;
				CLANG_WARN_BLOCK_CAPTURE_AUTORELEASING = YES;
				CLANG_WARN_BOOL_CONVERSION = YES;
				CLANG_WARN_COMMA = YES;
				CLANG_WARN_CONSTANT_CONVERSION = YES;
				CLANG_WARN_DEPRECATED_OBJC_IMPLEMENTATIONS = YES;
				CLANG_WARN_DIRECT_OBJC_ISA_USAGE = YES_ERROR;
				CLANG_WARN_DOCUMENTATION_COMMENTS = YES;
				CLANG_WARN_EMPTY_BODY = YES;
				CLANG_WARN_ENUM_CONVERSION = YES;
				CLANG_WARN_INFINITE_RECURSION = YES;
				CLANG_WARN_INT_CONVERSION = YES;
				CLANG_WARN_NON_LITERAL_NULL_CONVERSION = YES;
				CLANG_WARN_OBJC_IMPLICIT_RETAIN_SELF = YES;
				CLANG_WARN_OBJC_LITERAL_CONVERSION = YES;
				CLANG_WARN_OBJC_ROOT_CLASS = YES_ERROR;
				CLANG_WARN_QUOTED_INCLUDE_IN_FRAMEWORK_HEADER = YES;
				CLANG_WARN_RANGE_LOOP_ANALYSIS = YES;
				CLANG_WARN_STRICT_PROTOTYPES = YES;
				CLANG_WARN_SUSPICIOUS_MOVE = YES;
				CLANG_WARN_UNGUARDED_AVAILABILITY = YES_AGGRESSIVE;
				CLANG_WARN_UNREACHABLE_CODE = YES;
				CLANG_WARN__DUPLICATE_METHOD_MATCH = YES;
				COPY_PHASE_STRIP = NO;
				DEBUG_INFORMATION_FORMAT = dwarf;
				ENABLE_STRICT_OBJC_MSGSEND = YES;
				ENABLE_TESTABILITY = YES;
				ENABLE_USER_SCRIPT_SANDBOXING = YES;
				GCC_C_LANGUAGE_STANDARD = gnu17;
				GCC_DYNAMIC_NO_PIC = NO;
				GCC_NO_COMMON_BLOCKS = YES;
				GCC_OPTIMIZATION_LEVEL = 0;
				GCC_PREPROCESSOR_DEFINITIONS = (
					"DEBUG=1",
					"$(inherited)",
				);
				GCC_WARN_64_TO_32_BIT_CONVERSION = YES;
				GCC_WARN_ABOUT_RETURN_TYPE = YES_ERROR;
				GCC_WARN_UNDECLARED_SELECTOR = YES;
				GCC_WARN_UNINITIALIZED_AUTOS = YES_AGGRESSIVE;
				GCC_WARN_UNUSED_FUNCTION = YES;
				GCC_WARN_UNUSED_VARIABLE = YES;
				IPHONEOS_DEPLOYMENT_TARGET = 17.2;
				LOCALIZATION_PREFERS_STRING_CATALOGS = YES;
				MTL_ENABLE_DEBUG_INFO = INCLUDE_SOURCE;
				MTL_FAST_MATH = YES;
				ONLY_ACTIVE_ARCH = YES;
				SDKROOT = iphoneos;
				SWIFT_ACTIVE_COMPILATION_CONDITIONS = "DEBUG $(inherited)";
				SWIFT_OPTIMIZATION_LEVEL = "-Onone";
			};
			name = Debug;
		};
		6B92215F2CA27B2E0040C6F1 /* Release */ = {
			isa = XCBuildConfiguration;
			buildSettings = {
				ALWAYS_SEARCH_USER_PATHS = NO;
				ASSETCATALOG_COMPILER_GENERATE_SWIFT_ASSET_SYMBOL_EXTENSIONS = YES;
				CLANG_ANALYZER_NONNULL = YES;
				CLANG_ANALYZER_NUMBER_OBJECT_CONVERSION = YES_AGGRESSIVE;
				CLANG_CXX_LANGUAGE_STANDARD = "gnu++20";
				CLANG_ENABLE_MODULES = YES;
				CLANG_ENABLE_OBJC_ARC = YES;
				CLANG_ENABLE_OBJC_WEAK = YES;
				CLANG_WARN_BLOCK_CAPTURE_AUTORELEASING = YES;
				CLANG_WARN_BOOL_CONVERSION = YES;
				CLANG_WARN_COMMA = YES;
				CLANG_WARN_CONSTANT_CONVERSION = YES;
				CLANG_WARN_DEPRECATED_OBJC_IMPLEMENTATIONS = YES;
				CLANG_WARN_DIRECT_OBJC_ISA_USAGE = YES_ERROR;
				CLANG_WARN_DOCUMENTATION_COMMENTS = YES;
				CLANG_WARN_EMPTY_BODY = YES;
				CLANG_WARN_ENUM_CONVERSION = YES;
				CLANG_WARN_INFINITE_RECURSION = YES;
				CLANG_WARN_INT_CONVERSION = YES;
				CLANG_WARN_NON_LITERAL_NULL_CONVERSION = YES;
				CLANG_WARN_OBJC_IMPLICIT_RETAIN_SELF = YES;
				CLANG_WARN_OBJC_LITERAL_CONVERSION = YES;
				CLANG_WARN_OBJC_ROOT_CLASS = YES_ERROR;
				CLANG_WARN_QUOTED_INCLUDE_IN_FRAMEWORK_HEADER = YES;
				CLANG_WARN_RANGE_LOOP_ANALYSIS = YES;
				CLANG_WARN_STRICT_PROTOTYPES = YES;
				CLANG_WARN_SUSPICIOUS_MOVE = YES;
				CLANG_WARN_UNGUARDED_AVAILABILITY = YES_AGGRESSIVE;
				CLANG_WARN_UNREACHABLE_CODE = YES;
				CLANG_WARN__DUPLICATE_METHOD_MATCH = YES;
				COPY_PHASE_STRIP = NO;
				DEBUG_INFORMATION_FORMAT = "dwarf-with-dsym";
				ENABLE_NS_ASSERTIONS = NO;
				ENABLE_STRICT_OBJC_MSGSEND = YES;
				ENABLE_USER_SCRIPT_SANDBOXING = YES;
				GCC_C_LANGUAGE_STANDARD = gnu17;
				GCC_NO_COMMON_BLOCKS = YES;
				GCC_WARN_64_TO_32_BIT_CONVERSION = YES;
				GCC_WARN_ABOUT_RETURN_TYPE = YES_ERROR;
				GCC_WARN_UNDECLARED_SELECTOR = YES;
				GCC_WARN_UNINITIALIZED_AUTOS = YES_AGGRESSIVE;
				GCC_WARN_UNUSED_FUNCTION = YES;
				GCC_WARN_UNUSED_VARIABLE = YES;
				IPHONEOS_DEPLOYMENT_TARGET = 17.2;
				LOCALIZATION_PREFERS_STRING_CATALOGS = YES;
				MTL_ENABLE_DEBUG_INFO = NO;
				MTL_FAST_MATH = YES;
				SDKROOT = iphoneos;
				SWIFT_COMPILATION_MODE = wholemodule;
				VALIDATE_PRODUCT = YES;
			};
			name = Release;
		};
		6B9221612CA27B2E0040C6F1 /* Debug */ = {
			isa = XCBuildConfiguration;
			buildSettings = {
				ASSETCATALOG_COMPILER_APPICON_NAME = AppIcon;
				ASSETCATALOG_COMPILER_GLOBAL_ACCENT_COLOR_NAME = AccentColor;
				CODE_SIGN_STYLE = Automatic;
				CURRENT_PROJECT_VERSION = 1;
				DEVELOPMENT_ASSET_PATHS = "\"Instagram/Preview Content\"";
				DEVELOPMENT_TEAM = 9GE8EQEDQB;
				ENABLE_PREVIEWS = YES;
				GENERATE_INFOPLIST_FILE = YES;
				INFOPLIST_KEY_UIApplicationSceneManifest_Generation = YES;
				INFOPLIST_KEY_UIApplicationSupportsIndirectInputEvents = YES;
				INFOPLIST_KEY_UILaunchScreen_Generation = YES;
				INFOPLIST_KEY_UISupportedInterfaceOrientations_iPad = "UIInterfaceOrientationPortrait UIInterfaceOrientationPortraitUpsideDown UIInterfaceOrientationLandscapeLeft UIInterfaceOrientationLandscapeRight";
				INFOPLIST_KEY_UISupportedInterfaceOrientations_iPhone = "UIInterfaceOrientationPortrait UIInterfaceOrientationLandscapeLeft UIInterfaceOrientationLandscapeRight";
				LD_RUNPATH_SEARCH_PATHS = (
					"$(inherited)",
					"@executable_path/Frameworks",
				);
				MARKETING_VERSION = 1.0;
				PRODUCT_BUNDLE_IDENTIFIER = "id.alfian.Neu-Brutalism-Instagram";
				PRODUCT_NAME = "$(TARGET_NAME)";
				SWIFT_EMIT_LOC_STRINGS = YES;
				SWIFT_VERSION = 5.0;
				TARGETED_DEVICE_FAMILY = "1,2";
			};
			name = Debug;
		};
		6B9221622CA27B2E0040C6F1 /* Release */ = {
			isa = XCBuildConfiguration;
			buildSettings = {
				ASSETCATALOG_COMPILER_APPICON_NAME = AppIcon;
				ASSETCATALOG_COMPILER_GLOBAL_ACCENT_COLOR_NAME = AccentColor;
				CODE_SIGN_STYLE = Automatic;
				CURRENT_PROJECT_VERSION = 1;
				DEVELOPMENT_ASSET_PATHS = "\"Instagram/Preview Content\"";
				DEVELOPMENT_TEAM = 9GE8EQEDQB;
				ENABLE_PREVIEWS = YES;
				GENERATE_INFOPLIST_FILE = YES;
				INFOPLIST_KEY_UIApplicationSceneManifest_Generation = YES;
				INFOPLIST_KEY_UIApplicationSupportsIndirectInputEvents = YES;
				INFOPLIST_KEY_UILaunchScreen_Generation = YES;
				INFOPLIST_KEY_UISupportedInterfaceOrientations_iPad = "UIInterfaceOrientationPortrait UIInterfaceOrientationPortraitUpsideDown UIInterfaceOrientationLandscapeLeft UIInterfaceOrientationLandscapeRight";
				INFOPLIST_KEY_UISupportedInterfaceOrientations_iPhone = "UIInterfaceOrientationPortrait UIInterfaceOrientationLandscapeLeft UIInterfaceOrientationLandscapeRight";
				LD_RUNPATH_SEARCH_PATHS = (
					"$(inherited)",
					"@executable_path/Frameworks",
				);
				MARKETING_VERSION = 1.0;
				PRODUCT_BUNDLE_IDENTIFIER = "id.alfian.Neu-Brutalism-Instagram";
				PRODUCT_NAME = "$(TARGET_NAME)";
				SWIFT_EMIT_LOC_STRINGS = YES;
				SWIFT_VERSION = 5.0;
				TARGETED_DEVICE_FAMILY = "1,2";
			};
			name = Release;
		};
/* End XCBuildConfiguration section */

/* Begin XCConfigurationList section */
		6B92214D2CA27B2C0040C6F1 /* Build configuration list for PBXProject "Instagram" */ = {
			isa = XCConfigurationList;
			buildConfigurations = (
				6B92215E2CA27B2E0040C6F1 /* Debug */,
				6B92215F2CA27B2E0040C6F1 /* Release */,
			);
			defaultConfigurationIsVisible = 0;
			defaultConfigurationName = Release;
		};
		6B9221602CA27B2E0040C6F1 /* Build configuration list for PBXNativeTarget "Instagram" */ = {
			isa = XCConfigurationList;
			buildConfigurations = (
				6B9221612CA27B2E0040C6F1 /* Debug */,
				6B9221622CA27B2E0040C6F1 /* Release */,
			);
			defaultConfigurationIsVisible = 0;
			defaultConfigurationName = Release;
		};
/* End XCConfigurationList section */
	};
	rootObject = 6B92214A2CA27B2C0040C6F1 /* Project object */;
}
